github.com/jszwec/csvutil v1.5.0 h1:ErLnF1Qzzt9svk8CUY7CyLl/W9eET+KWPIZWkE1o6JM=
github.com/jszwec/csvutil v1.5.0/go.mod h1:Rpu7Uu9giO9subDyMCIQfHVDuLrcaC36UA4YcJjGBkg=
github.com/pkg/errors v0.9.1 h1:FEBLx1zS214owpjy7qsBeixbURkuhQAwrK5UwLGTwt4=
github.com/pkg/errors v0.9.1/go.mod h1:bwawxfHBFNV+L2hUp1rHADufV3IMtnDRdf1r5NINEl0=
